
Microsoft Visual Studio Solution File, Format Version 12.00
# Visual Studio Version 17
VisualStudioVersion = 17.8.34408.163
MinimumVisualStudioVersion = 10.0.40219.1
Project("{FAE04EC0-301F-11D3-BF4B-00C04F79EFBC}") = "demoGitApp", "demoGitApp\demoGitApp.csproj", "{5F8B3B6E-FED0-4F7D-B877-4AEC4F8E0BFC}"
EndProject
Global
	GlobalSection(SolutionConfigurationPlatforms) = preSolution
		Debug|Any CPU = Debug|Any CPU
		Release|Any CPU = Release|Any CPU
	EndGlobalSection
	GlobalSection(ProjectConfigurationPlatforms) = postSolution
		{5F8B3B6E-FED0-4F7D-B877-4AEC4F8E0BFC}.Debug|Any CPU.ActiveCfg = Debug|Any CPU
		{5F8B3B6E-FED0-4F7D-B877-4AEC4F8E0BFC}.Debug|Any CPU.Build.0 = Debug|Any CPU
		{5F8B3B6E-FED0-4F7D-B877-4AEC4F8E0BFC}.Release|Any CPU.ActiveCfg = Release|Any CPU
		{5F8B3B6E-FED0-4F7D-B877-4AEC4F8E0BFC}.Release|Any CPU.Build.0 = Release|Any CPU
	EndGlobalSection
	GlobalSection(SolutionProperties) = preSolution
		HideSolutionNode = FALSE
	EndGlobalSection
	GlobalSection(ExtensibilityGlobals) = postSolution
		SolutionGuid = {807CEF33-AFB8-4BF4-BA03-4BE795AACD47}
	EndGlobalSection
EndGlobal
